# This file is automatically @generated by Cargo.
# It is not intended for manual editing.
[[package]]
name = "adler32"
version = "1.0.4"
source = "git+https://github.com/mesalock-linux/adler32-rs-sgx#82c9c684c765189d41b8b209f0e5f0aac92b7360"
dependencies = [
 "sgx_tstd 1.1.3",
]

[[package]]
name = "autocfg"
version = "0.1.7"
source = "registry+https://github.com/rust-lang/crates.io-index"
checksum = "1d49d90015b3c36167a20fe2810c5cd875ad504b39cff3d4eae7977e6b7c1cb2"

[[package]]
name = "autocfg"
version = "1.0.0"
source = "registry+https://github.com/rust-lang/crates.io-index"
checksum = "f8aac770f1885fd7e387acedd76065302551364496e46b3dd00860b2f8359b9d"

[[package]]
name = "bitflags"
version = "1.2.1"
source = "registry+https://github.com/rust-lang/crates.io-index"
checksum = "cf1de2fe8c75bc145a2f577add951f8134889b4795d47466a54a5c846d691693"

[[package]]
name = "byteorder"
version = "1.3.4"
source = "git+https://github.com/mesalock-linux/byteorder-sgx#46ab71b0753dd29ec4f1b3834f78ae26cf47422e"
dependencies = [
 "sgx_tstd 1.1.2",
]

[[package]]
name = "cc"
version = "1.0.54"
source = "registry+https://github.com/rust-lang/crates.io-index"
checksum = "7bbb73db36c1246e9034e307d0fba23f9a2e251faa47ade70c1bd252220c8311"

[[package]]
name = "cfg-if"
version = "0.1.10"
source = "registry+https://github.com/rust-lang/crates.io-index"
checksum = "4785bdd1c96b2a846b2bd7cc02e86b6b3dbf14e7e53446c4f54c92a361040822"

[[package]]
name = "color_quant"
version = "1.0.1"
source = "git+https://github.com/mesalock-linux/color_quant-sgx#bc0866ac278467e19fd6f11ba037dc0e81b9f6d2"
dependencies = [
 "sgx_tstd 1.1.3",
]

[[package]]
name = "crc32fast"
version = "1.2.0"
source = "git+https://github.com/mesalock-linux/rust-crc32fast-sgx#5b0a0a82bf3e64410b97685f847a3a2363a36da0"
dependencies = [
 "cfg-if",
 "sgx_tstd 1.1.3",
]

[[package]]
name = "deflate"
version = "0.8.4"
source = "git+https://github.com/mesalock-linux/deflate-rs-sgx?branch=dev#352f2d27c2b4cd816892a3c7080ab92d1877a6c4"
dependencies = [
 "adler32",
 "byteorder",
 "sgx_tstd 1.1.3",
]

[[package]]
name = "gif"
version = "0.10.3"
source = "git+https://github.com/mesalock-linux/image-gif-sgx#5dc8d64acda7b633d43052f2ff5f2dc3569a317f"
dependencies = [
 "color_quant",
 "lzw",
 "sgx_tstd 1.1.3",
]

[[package]]
name = "hashbrown_tstd"
version = "0.7.1"
source = "git+https://github.com/apache/teaclave-sgx-sdk?rev=v1.1.2#fdc2ea93caecaa7f69a3edc9cf840607d0628ff3"
dependencies = [
 "autocfg 1.0.0",
]

[[package]]
name = "hashbrown_tstd"
version = "0.9.0"
source = "git+https://github.com/apache/teaclave-sgx-sdk?rev=v1.1.3#a6a172e652b4db4eaa17e4faa078fda8922abdd0"

[[package]]
name = "image"
version = "0.22.4"
source = "git+https://github.com/mesalock-linux/image-sgx#c224e120e95e6bb8976bc4bed2d36193e58c848f"
dependencies = [
 "byteorder",
 "gif",
 "jpeg-decoder",
 "num-iter",
 "num-rational",
 "num-traits",
 "png",
 "sgx_tstd 1.1.3",
 "tiff",
]

[[package]]
name = "inflate"
version = "0.4.5"
source = "git+https://github.com/mesalock-linux/inflate-sgx#4bd12f0db8ce60f96c318ddaf6fde334c1963784"
dependencies = [
 "adler32",
 "sgx_tstd 1.1.3",
]

[[package]]
name = "itoa"
version = "0.4.5"
source = "git+https://github.com/mesalock-linux/itoa-sgx#295ee451f5ec74f25c299552b481beb445ea3eb7"
dependencies = [
 "sgx_tstd 1.1.3",
]

[[package]]
name = "jpeg-decoder"
version = "0.1.18"
source = "git+https://github.com/mesalock-linux/jpeg-decoder-sgx#ae0ee6d7995253c42f5e6e6cc9e6b81333bf0950"
dependencies = [
 "byteorder",
 "sgx_tstd 1.1.3",
]

[[package]]
name = "lzw"
version = "0.10.0"
source = "git+https://github.com/mesalock-linux/lzw-sgx#628db3d755c7f2812725df88373ed975303de896"
dependencies = [
 "sgx_tstd 1.1.3",
]

[[package]]
name = "miniz_oxide"
version = "0.3.5"
source = "git+https://github.com/mesalock-linux/miniz_oxide-sgx#5a72a662958ffb03c531f60f744eece14f6c654f"
dependencies = [
 "adler32",
 "sgx_tstd 1.1.3",
]

[[package]]
name = "num"
version = "0.2.0"
source = "git+https://github.com/mesalock-linux/num-sgx#22645415542cc67551890dfdd34f4d5638b9ec78"
dependencies = [
 "num-bigint",
 "num-complex",
 "num-integer",
 "num-iter",
 "num-rational",
 "num-traits",
]

[[package]]
name = "num-bigint"
version = "0.2.5"
source = "git+https://github.com/mesalock-linux/num-bigint-sgx#377ecfb8bfac838418e80af9ed6cc74a627ca9c9"
dependencies = [
 "autocfg 1.0.0",
 "num-integer",
 "num-traits",
 "sgx_tstd 1.1.2",
]

[[package]]
name = "num-complex"
version = "0.2.3"
source = "git+https://github.com/mesalock-linux/num-complex-sgx#44efec7125258a7bc6103942820d30ee7e44adf0"
dependencies = [
 "autocfg 0.1.7",
 "num-traits",
 "sgx_tstd 1.1.2",
]

[[package]]
name = "num-integer"
version = "0.1.41"
source = "git+https://github.com/mesalock-linux/num-integer-sgx#0ece2da7c01233749769a1574f61236d1569b2b9"
dependencies = [
 "autocfg 0.1.7",
 "num-traits",
 "sgx_tstd 1.1.2",
]

[[package]]
name = "num-iter"
version = "0.1.39"
source = "git+https://github.com/mesalock-linux/num-iter-sgx#08168b9a5ba38bfbcc7c9ea70072834ea046bf1e"
dependencies = [
 "num-integer",
 "num-traits",
 "sgx_tstd 1.1.2",
]

[[package]]
name = "num-rational"
version = "0.2.2"
source = "git+https://github.com/mesalock-linux/num-rational-sgx#7db9ef42a6453b8d400801766b0e0be3229b1765"
dependencies = [
 "autocfg 0.1.7",
 "num-bigint",
 "num-integer",
 "num-traits",
 "sgx_tstd 1.1.2",
]

[[package]]
name = "num-traits"
version = "0.2.10"
source = "git+https://github.com/mesalock-linux/num-traits-sgx#7551dca0b9f9fb86375bf1a84048d53f72d5ad79"
dependencies = [
 "autocfg 0.1.7",
 "sgx_tstd 1.1.2",
]

[[package]]
name = "png"
version = "0.15.2"
source = "git+https://github.com/mesalock-linux/image-png-sgx#bb6d603014991b909cd0afb77971c094c6fada61"
dependencies = [
 "bitflags",
 "crc32fast",
 "deflate",
 "inflate",
 "sgx_tstd 1.1.3",
]

[[package]]
name = "proc-macro2"
version = "1.0.24"
source = "registry+https://github.com/rust-lang/crates.io-index"
checksum = "1e0704ee1a7e00d7bb417d0770ea303c1bccbabf0ef1667dae92b5967f5f8a71"
dependencies = [
 "unicode-xid",
]

[[package]]
name = "quote"
version = "1.0.9"
source = "registry+https://github.com/rust-lang/crates.io-index"
checksum = "c3d0b9745dc2debf507c8422de05d7226cc1f0644216dfdfead988f9b1ab32a7"
dependencies = [
 "proc-macro2",
]

[[package]]
name = "rustface"
version = "0.1.2"
dependencies = [
 "byteorder",
 "image",
 "num",
 "serde",
 "serde_json",
 "sgx_tstd 1.1.3",
]

[[package]]
name = "ryu"
version = "1.0.5"
source = "registry+https://github.com/rust-lang/crates.io-index"
checksum = "71d301d4193d031abdd79ff7e3dd721168a9572ef3fe51a1517aba235bd8f86e"

[[package]]
name = "serde"
version = "1.0.118"
source = "git+https://github.com/mesalock-linux/serde-sgx#db0226f1d5d70fca6b96af2c285851502204e21c"
dependencies = [
 "serde_derive",
 "sgx_tstd 1.1.3",
]

[[package]]
name = "serde_derive"
version = "1.0.118"
source = "git+https://github.com/mesalock-linux/serde-sgx#db0226f1d5d70fca6b96af2c285851502204e21c"
dependencies = [
 "proc-macro2",
 "quote",
 "syn",
]

[[package]]
name = "serde_json"
version = "1.0.60"
source = "git+https://github.com/mesalock-linux/serde-json-sgx#380893814ad2a057758d825bab798aa117f7362a"
dependencies = [
 "itoa",
 "ryu",
 "serde",
 "sgx_tstd 1.1.3",
]

[[package]]
name = "sgx_alloc"
version = "1.1.2"
source = "git+https://github.com/apache/teaclave-sgx-sdk?rev=v1.1.2#fdc2ea93caecaa7f69a3edc9cf840607d0628ff3"

[[package]]
name = "sgx_alloc"
version = "1.1.3"
source = "git+https://github.com/apache/teaclave-sgx-sdk?rev=v1.1.3#a6a172e652b4db4eaa17e4faa078fda8922abdd0"

[[package]]
name = "sgx_backtrace_sys"
version = "1.1.2"
source = "git+https://github.com/apache/teaclave-sgx-sdk?rev=v1.1.2#fdc2ea93caecaa7f69a3edc9cf840607d0628ff3"
dependencies = [
 "cc",
 "sgx_build_helper 0.1.3 (git+https://github.com/apache/teaclave-sgx-sdk?rev=v1.1.2)",
 "sgx_libc 1.1.2",
]

[[package]]
name = "sgx_backtrace_sys"
version = "1.1.3"
source = "git+https://github.com/apache/teaclave-sgx-sdk?rev=v1.1.3#a6a172e652b4db4eaa17e4faa078fda8922abdd0"
dependencies = [
 "cc",
 "sgx_build_helper 0.1.3 (git+https://github.com/apache/teaclave-sgx-sdk?rev=v1.1.3)",
 "sgx_libc 1.1.3",
]

[[package]]
name = "sgx_build_helper"
version = "0.1.3"
source = "git+https://github.com/apache/teaclave-sgx-sdk?rev=v1.1.2#fdc2ea93caecaa7f69a3edc9cf840607d0628ff3"

[[package]]
name = "sgx_build_helper"
version = "0.1.3"
source = "git+https://github.com/apache/teaclave-sgx-sdk?rev=v1.1.3#a6a172e652b4db4eaa17e4faa078fda8922abdd0"

[[package]]
name = "sgx_demangle"
version = "1.1.2"
source = "git+https://github.com/apache/teaclave-sgx-sdk?rev=v1.1.2#fdc2ea93caecaa7f69a3edc9cf840607d0628ff3"

[[package]]
name = "sgx_demangle"
version = "1.1.3"
source = "git+https://github.com/apache/teaclave-sgx-sdk?rev=v1.1.3#a6a172e652b4db4eaa17e4faa078fda8922abdd0"

[[package]]
name = "sgx_libc"
version = "1.1.2"
source = "git+https://github.com/apache/teaclave-sgx-sdk?rev=v1.1.2#fdc2ea93caecaa7f69a3edc9cf840607d0628ff3"
dependencies = [
 "sgx_types 1.1.2",
]

[[package]]
name = "sgx_libc"
version = "1.1.3"
source = "git+https://github.com/apache/teaclave-sgx-sdk?rev=v1.1.3#a6a172e652b4db4eaa17e4faa078fda8922abdd0"
dependencies = [
 "sgx_types 1.1.3",
]

[[package]]
name = "sgx_tprotected_fs"
version = "1.1.2"
source = "git+https://github.com/apache/teaclave-sgx-sdk?rev=v1.1.2#fdc2ea93caecaa7f69a3edc9cf840607d0628ff3"
dependencies = [
 "sgx_trts 1.1.2",
 "sgx_types 1.1.2",
]

[[package]]
name = "sgx_tprotected_fs"
version = "1.1.3"
source = "git+https://github.com/apache/teaclave-sgx-sdk?rev=v1.1.3#a6a172e652b4db4eaa17e4faa078fda8922abdd0"
dependencies = [
 "sgx_trts 1.1.3",
 "sgx_types 1.1.3",
]

[[package]]
name = "sgx_trts"
version = "1.1.2"
source = "git+https://github.com/apache/teaclave-sgx-sdk?rev=v1.1.2#fdc2ea93caecaa7f69a3edc9cf840607d0628ff3"
dependencies = [
 "sgx_libc 1.1.2",
 "sgx_types 1.1.2",
]

[[package]]
name = "sgx_trts"
version = "1.1.3"
source = "git+https://github.com/apache/teaclave-sgx-sdk?rev=v1.1.3#a6a172e652b4db4eaa17e4faa078fda8922abdd0"
dependencies = [
 "sgx_libc 1.1.3",
 "sgx_types 1.1.3",
]

[[package]]
name = "sgx_tstd"
version = "1.1.2"
source = "git+https://github.com/apache/teaclave-sgx-sdk?rev=v1.1.2#fdc2ea93caecaa7f69a3edc9cf840607d0628ff3"
dependencies = [
 "hashbrown_tstd 0.7.1",
 "sgx_alloc 1.1.2",
 "sgx_backtrace_sys 1.1.2",
 "sgx_demangle 1.1.2",
 "sgx_libc 1.1.2",
 "sgx_tprotected_fs 1.1.2",
 "sgx_trts 1.1.2",
 "sgx_types 1.1.2",
 "sgx_unwind 0.1.1 (git+https://github.com/apache/teaclave-sgx-sdk?rev=v1.1.2)",
]

[[package]]
name = "sgx_tstd"
version = "1.1.3"
source = "git+https://github.com/apache/teaclave-sgx-sdk?rev=v1.1.3#a6a172e652b4db4eaa17e4faa078fda8922abdd0"
dependencies = [
 "hashbrown_tstd 0.9.0",
 "sgx_alloc 1.1.3",
 "sgx_backtrace_sys 1.1.3",
 "sgx_demangle 1.1.3",
 "sgx_libc 1.1.3",
 "sgx_tprotected_fs 1.1.3",
 "sgx_trts 1.1.3",
 "sgx_types 1.1.3",
 "sgx_unwind 0.1.1 (git+https://github.com/apache/teaclave-sgx-sdk?rev=v1.1.3)",
]

[[package]]
name = "sgx_types"
version = "1.1.2"
source = "git+https://github.com/apache/teaclave-sgx-sdk?rev=v1.1.2#fdc2ea93caecaa7f69a3edc9cf840607d0628ff3"

[[package]]
name = "sgx_types"
version = "1.1.3"
source = "git+https://github.com/apache/teaclave-sgx-sdk?rev=v1.1.3#a6a172e652b4db4eaa17e4faa078fda8922abdd0"

[[package]]
name = "sgx_unwind"
version = "0.1.1"
source = "git+https://github.com/apache/teaclave-sgx-sdk?rev=v1.1.2#fdc2ea93caecaa7f69a3edc9cf840607d0628ff3"
dependencies = [
 "sgx_build_helper 0.1.3 (git+https://github.com/apache/teaclave-sgx-sdk?rev=v1.1.2)",
]

[[package]]
name = "sgx_unwind"
version = "0.1.1"
source = "git+https://github.com/apache/teaclave-sgx-sdk?rev=v1.1.3#a6a172e652b4db4eaa17e4faa078fda8922abdd0"
dependencies = [
 "sgx_build_helper 0.1.3 (git+https://github.com/apache/teaclave-sgx-sdk?rev=v1.1.3)",
]

[[package]]
name = "syn"
version = "1.0.60"
source = "registry+https://github.com/rust-lang/crates.io-index"
checksum = "c700597eca8a5a762beb35753ef6b94df201c81cca676604f547495a0d7f0081"
dependencies = [
 "proc-macro2",
 "quote",
 "unicode-xid",
]

[[package]]
name = "tiff"
version = "0.4.0"
source = "git+https://github.com/mesalock-linux/image-tiff-sgx#f35f7661246db95861343508f94510c6b034439d"
dependencies = [
 "byteorder",
 "lzw",
 "miniz_oxide",
 "sgx_tstd 1.1.3",
]

[[package]]
name = "unicode-xid"
version = "0.2.1"
source = "registry+https://github.com/rust-lang/crates.io-index"
checksum = "f7fe0bb3479651439c9112f72b6c505038574c9fbb575ed1bf3b797fa39dd564"
